
Microsoft Visual Studio Solution File, Format Version 12.00
# Visual Studio Version 16
VisualStudioVersion = 16.0.29306.81
MinimumVisualStudioVersion = 10.0.40219.1
Project("{FAE04EC0-301F-11D3-BF4B-00C04F79EFBC}") = "Generate the Sum of N Numbers", "Generate the Sum of N Numbers\Generate the Sum of N Numbers.csproj", "{5804F99A-CAA7-4054-A1BA-BCDC5B11F271}"
EndProject
Global
	GlobalSection(SolutionConfigurationPlatforms) = preSolution
		Debug|Any CPU = Debug|Any CPU
		Release|Any CPU = Release|Any CPU
	EndGlobalSection
	GlobalSection(ProjectConfigurationPlatforms) = postSolution
		{5804F99A-CAA7-4054-A1BA-BCDC5B11F271}.Debug|Any CPU.ActiveCfg = Debug|Any CPU
		{5804F99A-CAA7-4054-A1BA-BCDC5B11F271}.Debug|Any CPU.Build.0 = Debug|Any CPU
		{5804F99A-CAA7-4054-A1BA-BCDC5B11F271}.Release|Any CPU.ActiveCfg = Release|Any CPU
		{5804F99A-CAA7-4054-A1BA-BCDC5B11F271}.Release|Any CPU.Build.0 = Release|Any CPU
	EndGlobalSection
	GlobalSection(SolutionProperties) = preSolution
		HideSolutionNode = FALSE
	EndGlobalSection
	GlobalSection(ExtensibilityGlobals) = postSolution
		SolutionGuid = {17114315-54EA-494D-8162-893678978A67}
	EndGlobalSection
EndGlobal
